{
  "nodes": {
    "autoconf-nvim": {
      "flake": false,
      "locked": {
        "lastModified": 1789296509,
        "narHash": "sha256-Ev917uj2Cn6Ugwg7NjfPHlw0IpwQTcpVDHjinq5/Zgw=",
        "owner": "OlegHQ",
        "repo": "autoconf.nvim",
        "rev": "fa7fc84bfafe3a7f4aaec936613056074bdfb5ed",
        "type": "github"
      },
      "original": {
        "owner": "OlegHQ",
        "repo": "autoconf.nvim",
        "type": "github"
      }
    },
    "nixpkgs": {
      "locked": {
        "lastModified": 1782467914,
        "narHash": "sha256-pGvFkM8N0xEkIIXDe5YYfbEAvHrk4IxBrjB/x8OomhE=",
        "owner": "NixOS",
        "repo": "nixpkgs",
        "rev": "e73de5be04e0eff4190a1432b946d469c794e7b4",
        "type": "github"
      },
      "original": {
        "owner": "NixOS",
        "ref": "nixos-unstable",
        "repo": "nixpkgs",
        "type": "github"
      }
    },
    "root": {
      "inputs": {
        "autoconf-nvim": "autoconf-nvim",
        "nixpkgs": "nixpkgs",
        "themekit-nvim": "themekit-nvim",
        "workbench-nvim": "workbench-nvim"
      }
    },
    "themekit-nvim": {
      "flake": false,
      "locked": {
        "lastModified": 1789296509,
        "narHash": "sha256-uTNfWDSYJ0e9p8rro0lcORIxjVFwQaVkmEhKlp1x+6s=",
        "owner": "OlegHQ",
        "repo": "themekit.nvim",
        "rev": "e5424d5fccefb88d10b577740be0f3c56bc6fcda",
        "type": "github"
      },
      "original": {
        "owner": "OlegHQ",
        "repo": "themekit.nvim",
        "type": "github"
      }
    },
    "workbench-nvim": {
      "flake": false,
      "locked": {
        "lastModified": 1789296587,
        "narHash": "sha256-fjFdDEp0xUuvwn0UB/nEZp4AmDtKB6kKJDkmxi3aQrs=",
        "owner": "OlegHQ",
        "repo": "workbench.nvim",
        "rev": "909b3d94a2e06bb7bf985e128d3cc8b4338805f4",
        "type": "github"
      },
      "original": {
        "owner": "OlegHQ",
        "ref": "dev",
        "repo": "workbench.nvim",
        "type": "github"
      }
    }
  },
  "root": "root",
  "version": 7
}
